
Microsoft Visual Studio Solution File, Format Version 12.00
# Visual Studio 14
VisualStudioVersion = 14.0.25123.0
MinimumVisualStudioVersion = 10.0.40219.1
Project("{2150E333-8FDC-42A3-9474-1A3956D46DE8}") = "src", "src", "{EBE226D6-3B00-491A-8FAD-5134F3BEB6CA}"
EndProject
Project("{2150E333-8FDC-42A3-9474-1A3956D46DE8}") = "Solution Items", "Solution Items", "{4813A969-40C9-48B0-A2C5-817DFC88FDCF}"
	ProjectSection(SolutionItems) = preProject
		global.json = global.json
	EndProjectSection
EndProject
Project("{2150E333-8FDC-42A3-9474-1A3956D46DE8}") = "test", "test", "{BD2590AB-1DA8-484D-B2C7-37FD5F2569AA}"
EndProject
Project("{2150E333-8FDC-42A3-9474-1A3956D46DE8}") = "sample", "sample", "{1E0888A6-82E2-42A4-A6E0-D110B73DD075}"
EndProject
Project("{8BB2217D-0F2D-49D1-97BC-3654ED321F3B}") = "MotleyFlash", "src\MotleyFlash\MotleyFlash.xproj", "{580CD48C-A099-4BBB-98F5-DBA6A9345E51}"
EndProject
Project("{8BB2217D-0F2D-49D1-97BC-3654ED321F3B}") = "MotleyFlash.AspNetCore.MessageProviders", "src\MotleyFlash.AspNetCore.MessageProviders\MotleyFlash.AspNetCore.MessageProviders.xproj", "{5BFFAEA8-C7F8-47BB-9536-096B4DAB612C}"
EndProject
Project("{8BB2217D-0F2D-49D1-97BC-3654ED321F3B}") = "MotleyFlash.Test", "test\MotleyFlash.Test\MotleyFlash.Test.xproj", "{E635DEBA-839B-4623-A2DA-49A71919EBB8}"
EndProject
Project("{8BB2217D-0F2D-49D1-97BC-3654ED321F3B}") = "MotleyFlash.AspNetCore.Mvc", "sample\MotleyFlash.AspNetCore.Mvc\MotleyFlash.AspNetCore.Mvc.xproj", "{9DE45570-1508-4EBE-A054-2EEA889EC672}"
EndProject
Project("{8BB2217D-0F2D-49D1-97BC-3654ED321F3B}") = "MotleyFlash.AspNetCore.ViewHelpers", "src\MotleyFlash.AspNetCore.ViewHelpers\MotleyFlash.AspNetCore.ViewHelpers.xproj", "{5D9F22B8-9538-4B21-A8A0-3B1A2F0EDAE5}"
EndProject
Global
	GlobalSection(SolutionConfigurationPlatforms) = preSolution
		Debug|Any CPU = Debug|Any CPU
		Release|Any CPU = Release|Any CPU
	EndGlobalSection
	GlobalSection(ProjectConfigurationPlatforms) = postSolution
		{580CD48C-A099-4BBB-98F5-DBA6A9345E51}.Debug|Any CPU.ActiveCfg = Debug|Any CPU
		{580CD48C-A099-4BBB-98F5-DBA6A9345E51}.Debug|Any CPU.Build.0 = Debug|Any CPU
		{580CD48C-A099-4BBB-98F5-DBA6A9345E51}.Release|Any CPU.ActiveCfg = Release|Any CPU
		{580CD48C-A099-4BBB-98F5-DBA6A9345E51}.Release|Any CPU.Build.0 = Release|Any CPU
		{5BFFAEA8-C7F8-47BB-9536-096B4DAB612C}.Debug|Any CPU.ActiveCfg = Debug|Any CPU
		{5BFFAEA8-C7F8-47BB-9536-096B4DAB612C}.Debug|Any CPU.Build.0 = Debug|Any CPU
		{5BFFAEA8-C7F8-47BB-9536-096B4DAB612C}.Release|Any CPU.ActiveCfg = Release|Any CPU
		{5BFFAEA8-C7F8-47BB-9536-096B4DAB612C}.Release|Any CPU.Build.0 = Release|Any CPU
		{E635DEBA-839B-4623-A2DA-49A71919EBB8}.Debug|Any CPU.ActiveCfg = Debug|Any CPU
		{E635DEBA-839B-4623-A2DA-49A71919EBB8}.Debug|Any CPU.Build.0 = Debug|Any CPU
		{E635DEBA-839B-4623-A2DA-49A71919EBB8}.Release|Any CPU.ActiveCfg = Release|Any CPU
		{E635DEBA-839B-4623-A2DA-49A71919EBB8}.Release|Any CPU.Build.0 = Release|Any CPU
		{9DE45570-1508-4EBE-A054-2EEA889EC672}.Debug|Any CPU.ActiveCfg = Debug|Any CPU
		{9DE45570-1508-4EBE-A054-2EEA889EC672}.Debug|Any CPU.Build.0 = Debug|Any CPU
		{9DE45570-1508-4EBE-A054-2EEA889EC672}.Release|Any CPU.ActiveCfg = Release|Any CPU
		{9DE45570-1508-4EBE-A054-2EEA889EC672}.Release|Any CPU.Build.0 = Release|Any CPU
		{5D9F22B8-9538-4B21-A8A0-3B1A2F0EDAE5}.Debug|Any CPU.ActiveCfg = Debug|Any CPU
		{5D9F22B8-9538-4B21-A8A0-3B1A2F0EDAE5}.Debug|Any CPU.Build.0 = Debug|Any CPU
		{5D9F22B8-9538-4B21-A8A0-3B1A2F0EDAE5}.Release|Any CPU.ActiveCfg = Release|Any CPU
		{5D9F22B8-9538-4B21-A8A0-3B1A2F0EDAE5}.Release|Any CPU.Build.0 = Release|Any CPU
	EndGlobalSection
	GlobalSection(SolutionProperties) = preSolution
		HideSolutionNode = FALSE
	EndGlobalSection
	GlobalSection(NestedProjects) = preSolution
		{580CD48C-A099-4BBB-98F5-DBA6A9345E51} = {EBE226D6-3B00-491A-8FAD-5134F3BEB6CA}
		{5BFFAEA8-C7F8-47BB-9536-096B4DAB612C} = {EBE226D6-3B00-491A-8FAD-5134F3BEB6CA}
		{E635DEBA-839B-4623-A2DA-49A71919EBB8} = {BD2590AB-1DA8-484D-B2C7-37FD5F2569AA}
		{9DE45570-1508-4EBE-A054-2EEA889EC672} = {1E0888A6-82E2-42A4-A6E0-D110B73DD075}
		{5D9F22B8-9538-4B21-A8A0-3B1A2F0EDAE5} = {EBE226D6-3B00-491A-8FAD-5134F3BEB6CA}
	EndGlobalSection
EndGlobal
